// !$*UTF8*$!
{
	archiveVersion = 1;
	classes = {
	};
	objectVersion = 77;
	objects = {

/* Begin PBXBuildFile section */
		1743652D2CF45CFA00CE90A3 /* Yams in Frameworks */ = {isa = PBXBuildFile; productRef = 1743652C2CF45CFA00CE90A3 /* Yams */; };
		179DDB482CF8C33300C33754 /* MarkdownUI in Frameworks */ = {isa = PBXBuildFile; productRef = 179DDB472CF8C33300C33754 /* MarkdownUI */; };
/* End PBXBuildFile section */

/* Begin PBXContainerItemProxy section */
		17BCDC272CE3D74C00335BCD /* PBXContainerItemProxy */ = {
			isa = PBXContainerItemProxy;
			containerPortal = 17BCDC0E2CE3D74B00335BCD /* Project object */;
			proxyType = 1;
			remoteGlobalIDString = 17BCDC152CE3D74B00335BCD;
			remoteInfo = "afp-app";
		};
		17BCDC312CE3D74C00335BCD /* PBXContainerItemProxy */ = {
			isa = PBXContainerItemProxy;
			containerPortal = 17BCDC0E2CE3D74B00335BCD /* Project object */;
			proxyType = 1;
			remoteGlobalIDString = 17BCDC152CE3D74B00335BCD;
			remoteInfo = "afp-app";
		};
/* End PBXContainerItemProxy section */

/* Begin PBXFileReference section */
		17BCDC162CE3D74B00335BCD /* keia.app */ = {isa = PBXFileReference; explicitFileType = wrapper.application; includeInIndex = 0; path = keia.app; sourceTree = BUILT_PRODUCTS_DIR; };
		17BCDC262CE3D74C00335BCD /* keiaTests.xctest */ = {isa = PBXFileReference; explicitFileType = wrapper.cfbundle; includeInIndex = 0; path = keiaTests.xctest; sourceTree = BUILT_PRODUCTS_DIR; };
		17BCDC302CE3D74C00335BCD /* keiaUITests.xctest */ = {isa = PBXFileReference; explicitFileType = wrapper.cfbundle; includeInIndex = 0; path = keiaUITests.xctest; sourceTree = BUILT_PRODUCTS_DIR; };
/* End PBXFileReference section */

/* Begin PBXFileSystemSynchronizedRootGroup section */
		17BCDC182CE3D74B00335BCD /* keia */ = {
			isa = PBXFileSystemSynchronizedRootGroup;
			path = keia;
			sourceTree = "<group>";
		};
		17BCDC292CE3D74C00335BCD /* keiaTests */ = {
			isa = PBXFileSystemSynchronizedRootGroup;
			path = keiaTests;
			sourceTree = "<group>";
		};
		17BCDC332CE3D74C00335BCD /* keiaUITests */ = {
			isa = PBXFileSystemSynchronizedRootGroup;
			path = keiaUITests;
			sourceTree = "<group>";
		};
/* End PBXFileSystemSynchronizedRootGroup section */

/* Begin PBXFrameworksBuildPhase section */
		17BCDC132CE3D74B00335BCD /* Frameworks */ = {
			isa = PBXFrameworksBuildPhase;
			buildActionMask = 2147483647;
			files = (
				1743652D2CF45CFA00CE90A3 /* Yams in Frameworks */,
				179DDB482CF8C33300C33754 /* MarkdownUI in Frameworks */,
			);
			runOnlyForDeploymentPostprocessing = 0;
		};
		17BCDC232CE3D74C00335BCD /* Frameworks */ = {
			isa = PBXFrameworksBuildPhase;
			buildActionMask = 2147483647;
			files = (
			);
			runOnlyForDeploymentPostprocessing = 0;
		};
		17BCDC2D2CE3D74C00335BCD /* Frameworks */ = {
			isa = PBXFrameworksBuildPhase;
			buildActionMask = 2147483647;
			files = (
			);
			runOnlyForDeploymentPostprocessing = 0;
		};
/* End PBXFrameworksBuildPhase section */

/* Begin PBXGroup section */
		17BCDC0D2CE3D74B00335BCD = {
			isa = PBXGroup;
			children = (
				17BCDC182CE3D74B00335BCD /* keia */,
				17BCDC292CE3D74C00335BCD /* keiaTests */,
				17BCDC332CE3D74C00335BCD /* keiaUITests */,
				17BCDC172CE3D74B00335BCD /* Products */,
			);
			sourceTree = "<group>";
		};
		17BCDC172CE3D74B00335BCD /* Products */ = {
			isa = PBXGroup;
			children = (
				17BCDC162CE3D74B00335BCD /* keia.app */,
				17BCDC262CE3D74C00335BCD /* keiaTests.xctest */,
				17BCDC302CE3D74C00335BCD /* keiaUITests.xctest */,
			);
			name = Products;
			sourceTree = "<group>";
		};
/* End PBXGroup section */

/* Begin PBXNativeTarget section */
		17BCDC152CE3D74B00335BCD /* keia */ = {
			isa = PBXNativeTarget;
			buildConfigurationList = 17BCDC3A2CE3D74C00335BCD /* Build configuration list for PBXNativeTarget "keia" */;
			buildPhases = (
				17BCDC122CE3D74B00335BCD /* Sources */,
				17BCDC132CE3D74B00335BCD /* Frameworks */,
				17BCDC142CE3D74B00335BCD /* Resources */,
			);
			buildRules = (
			);
			dependencies = (
			);
			fileSystemSynchronizedGroups = (
				17BCDC182CE3D74B00335BCD /* keia */,
			);
			name = keia;
			packageProductDependencies = (
				1743652C2CF45CFA00CE90A3 /* Yams */,
				179DDB472CF8C33300C33754 /* MarkdownUI */,
			);
			productName = "afp-app";
			productReference = 17BCDC162CE3D74B00335BCD /* keia.app */;
			productType = "com.apple.product-type.application";
		};
		17BCDC252CE3D74C00335BCD /* keiaTests */ = {
			isa = PBXNativeTarget;
			buildConfigurationList = 17BCDC3D2CE3D74C00335BCD /* Build configuration list for PBXNativeTarget "keiaTests" */;
			buildPhases = (
				17BCDC222CE3D74C00335BCD /* Sources */,
				17BCDC232CE3D74C00335BCD /* Frameworks */,
				17BCDC242CE3D74C00335BCD /* Resources */,
			);
			buildRules = (
			);
			dependencies = (
				17BCDC282CE3D74C00335BCD /* PBXTargetDependency */,
			);
			fileSystemSynchronizedGroups = (
				17BCDC292CE3D74C00335BCD /* keiaTests */,
			);
			name = keiaTests;
			packageProductDependencies = (
			);
			productName = "afp-appTests";
			productReference = 17BCDC262CE3D74C00335BCD /* keiaTests.xctest */;
			productType = "com.apple.product-type.bundle.unit-test";
		};
		17BCDC2F2CE3D74C00335BCD /* keiaUITests */ = {
			isa = PBXNativeTarget;
			buildConfigurationList = 17BCDC402CE3D74C00335BCD /* Build configuration list for PBXNativeTarget "keiaUITests" */;
			buildPhases = (
				17BCDC2C2CE3D74C00335BCD /* Sources */,
				17BCDC2D2CE3D74C00335BCD /* Frameworks */,
				17BCDC2E2CE3D74C00335BCD /* Resources */,
			);
			buildRules = (
			);
			dependencies = (
				17BCDC322CE3D74C00335BCD /* PBXTargetDependency */,
			);
			fileSystemSynchronizedGroups = (
				17BCDC332CE3D74C00335BCD /* keiaUITests */,
			);
			name = keiaUITests;
			packageProductDependencies = (
			);
			productName = "afp-appUITests";
			productReference = 17BCDC302CE3D74C00335BCD /* keiaUITests.xctest */;
			productType = "com.apple.product-type.bundle.ui-testing";
		};
/* End PBXNativeTarget section */

/* Begin PBXProject section */
		17BCDC0E2CE3D74B00335BCD /* Project object */ = {
			isa = PBXProject;
			attributes = {
				BuildIndependentTargetsInParallel = 1;
				LastSwiftUpdateCheck = 1610;
				LastUpgradeCheck = 1610;
				TargetAttributes = {
					17BCDC152CE3D74B00335BCD = {
						CreatedOnToolsVersion = 16.1;
					};
					17BCDC252CE3D74C00335BCD = {
						CreatedOnToolsVersion = 16.1;
						TestTargetID = 17BCDC152CE3D74B00335BCD;
					};
					17BCDC2F2CE3D74C00335BCD = {
						CreatedOnToolsVersion = 16.1;
						TestTargetID = 17BCDC152CE3D74B00335BCD;
					};
				};
			};
			buildConfigurationList = 17BCDC112CE3D74B00335BCD /* Build configuration list for PBXProject "keia" */;
			developmentRegion = en;
			hasScannedForEncodings = 0;
			knownRegions = (
				en,
				Base,
			);
			mainGroup = 17BCDC0D2CE3D74B00335BCD;
			minimizedProjectReferenceProxies = 1;
			packageReferences = (
				1743652B2CF45CFA00CE90A3 /* XCRemoteSwiftPackageReference "Yams" */,
				179DDB462CF8C33300C33754 /* XCRemoteSwiftPackageReference "swift-markdown-ui" */,
			);
			preferredProjectObjectVersion = 77;
			productRefGroup = 17BCDC172CE3D74B00335BCD /* Products */;
			projectDirPath = "";
			projectRoot = "";
			targets = (
				17BCDC152CE3D74B00335BCD /* keia */,
				17BCDC252CE3D74C00335BCD /* keiaTests */,
				17BCDC2F2CE3D74C00335BCD /* keiaUITests */,
			);
		};
/* End PBXProject section */

/* Begin PBXResourcesBuildPhase section */
		17BCDC142CE3D74B00335BCD /* Resources */ = {
			isa = PBXResourcesBuildPhase;
			buildActionMask = 2147483647;
			files = (
			);
			runOnlyForDeploymentPostprocessing = 0;
		};
		17BCDC242CE3D74C00335BCD /* Resources */ = {
			isa = PBXResourcesBuildPhase;
			buildActionMask = 2147483647;
			files = (
			);
			runOnlyForDeploymentPostprocessing = 0;
		};
		17BCDC2E2CE3D74C00335BCD /* Resources */ = {
			isa = PBXResourcesBuildPhase;
			buildActionMask = 2147483647;
			files = (
			);
			runOnlyForDeploymentPostprocessing = 0;
		};
/* End PBXResourcesBuildPhase section */

/* Begin PBXSourcesBuildPhase section */
		17BCDC122CE3D74B00335BCD /* Sources */ = {
			isa = PBXSourcesBuildPhase;
			buildActionMask = 2147483647;
			files = (
			);
			runOnlyForDeploymentPostprocessing = 0;
		};
		17BCDC222CE3D74C00335BCD /* Sources */ = {
			isa = PBXSourcesBuildPhase;
			buildActionMask = 2147483647;
			files = (
			);
			runOnlyForDeploymentPostprocessing = 0;
		};
		17BCDC2C2CE3D74C00335BCD /* Sources */ = {
			isa = PBXSourcesBuildPhase;
			buildActionMask = 2147483647;
			files = (
			);
			runOnlyForDeploymentPostprocessing = 0;
		};
/* End PBXSourcesBuildPhase section */

/* Begin PBXTargetDependency section */
		17BCDC282CE3D74C00335BCD /* PBXTargetDependency */ = {
			isa = PBXTargetDependency;
			target = 17BCDC152CE3D74B00335BCD /* keia */;
			targetProxy = 17BCDC272CE3D74C00335BCD /* PBXContainerItemProxy */;
		};
		17BCDC322CE3D74C00335BCD /* PBXTargetDependency */ = {
			isa = PBXTargetDependency;
			target = 17BCDC152CE3D74B00335BCD /* keia */;
			targetProxy = 17BCDC312CE3D74C00335BCD /* PBXContainerItemProxy */;
		};
/* End PBXTargetDependency section */

/* Begin XCBuildConfiguration section */
		17BCDC382CE3D74C00335BCD /* Debug */ = {
			isa = XCBuildConfiguration;
			buildSettings = {
				ALWAYS_SEARCH_USER_PATHS = NO;
				ASSETCATALOG_COMPILER_GENERATE_SWIFT_ASSET_SYMBOL_EXTENSIONS = YES;
				CLANG_ANALYZER_NONNULL = YES;
				CLANG_ANALYZER_NUMBER_OBJECT_CONVERSION = YES_AGGRESSIVE;
				CLANG_CXX_LANGUAGE_STANDARD = "gnu++20";
				CLANG_ENABLE_MODULES = YES;
				CLANG_ENABLE_OBJC_ARC = YES;
				CLANG_ENABLE_OBJC_WEAK = YES;
				CLANG_WARN_BLOCK_CAPTURE_AUTORELEASING = YES;
				CLANG_WARN_BOOL_CONVERSION = YES;
				CLANG_WARN_COMMA = YES;
				CLANG_WARN_CONSTANT_CONVERSION = YES;
				CLANG_WARN_DEPRECATED_OBJC_IMPLEMENTATIONS = YES;
				CLANG_WARN_DIRECT_OBJC_ISA_USAGE = YES_ERROR;
				CLANG_WARN_DOCUMENTATION_COMMENTS = YES;
				CLANG_WARN_EMPTY_BODY = YES;
				CLANG_WARN_ENUM_CONVERSION = YES;
				CLANG_WARN_INFINITE_RECURSION = YES;
				CLANG_WARN_INT_CONVERSION = YES;
				CLANG_WARN_NON_LITERAL_NULL_CONVERSION = YES;
				CLANG_WARN_OBJC_IMPLICIT_RETAIN_SELF = YES;
				CLANG_WARN_OBJC_LITERAL_CONVERSION = YES;
				CLANG_WARN_OBJC_ROOT_CLASS = YES_ERROR;
				CLANG_WARN_QUOTED_INCLUDE_IN_FRAMEWORK_HEADER = YES;
				CLANG_WARN_RANGE_LOOP_ANALYSIS = YES;
				CLANG_WARN_STRICT_PROTOTYPES = YES;
				CLANG_WARN_SUSPICIOUS_MOVE = YES;
				CLANG_WARN_UNGUARDED_AVAILABILITY = YES_AGGRESSIVE;
				CLANG_WARN_UNREACHABLE_CODE = YES;
				CLANG_WARN__DUPLICATE_METHOD_MATCH = YES;
				COPY_PHASE_STRIP = NO;
				DEBUG_INFORMATION_FORMAT = dwarf;
				ENABLE_STRICT_OBJC_MSGSEND = YES;
				ENABLE_TESTABILITY = YES;
				ENABLE_USER_SCRIPT_SANDBOXING = YES;
				GCC_C_LANGUAGE_STANDARD = gnu17;
				GCC_DYNAMIC_NO_PIC = NO;
				GCC_NO_COMMON_BLOCKS = YES;
				GCC_OPTIMIZATION_LEVEL = 0;
				GCC_PREPROCESSOR_DEFINITIONS = (
					"DEBUG=1",
					"$(inherited)",
				);
				GCC_WARN_64_TO_32_BIT_CONVERSION = YES;
				GCC_WARN_ABOUT_RETURN_TYPE = YES_ERROR;
				GCC_WARN_UNDECLARED_SELECTOR = YES;
				GCC_WARN_UNINITIALIZED_AUTOS = YES_AGGRESSIVE;
				GCC_WARN_UNUSED_FUNCTION = YES;
				GCC_WARN_UNUSED_VARIABLE = YES;
				IPHONEOS_DEPLOYMENT_TARGET = 18.1;
				LOCALIZATION_PREFERS_STRING_CATALOGS = YES;
				MTL_ENABLE_DEBUG_INFO = INCLUDE_SOURCE;
				MTL_FAST_MATH = YES;
				ONLY_ACTIVE_ARCH = YES;
				SDKROOT = iphoneos;
				SWIFT_ACTIVE_COMPILATION_CONDITIONS = "DEBUG $(inherited)";
				SWIFT_OPTIMIZATION_LEVEL = "-Onone";
			};
			name = Debug;
		};
		17BCDC392CE3D74C00335BCD /* Release */ = {
			isa = XCBuildConfiguration;
			buildSettings = {
				ALWAYS_SEARCH_USER_PATHS = NO;
				ASSETCATALOG_COMPILER_GENERATE_SWIFT_ASSET_SYMBOL_EXTENSIONS = YES;
				CLANG_ANALYZER_NONNULL = YES;
				CLANG_ANALYZER_NUMBER_OBJECT_CONVERSION = YES_AGGRESSIVE;
				CLANG_CXX_LANGUAGE_STANDARD = "gnu++20";
				CLANG_ENABLE_MODULES = YES;
				CLANG_ENABLE_OBJC_ARC = YES;
				CLANG_ENABLE_OBJC_WEAK = YES;
				CLANG_WARN_BLOCK_CAPTURE_AUTORELEASING = YES;
				CLANG_WARN_BOOL_CONVERSION = YES;
				CLANG_WARN_COMMA = YES;
				CLANG_WARN_CONSTANT_CONVERSION = YES;
				CLANG_WARN_DEPRECATED_OBJC_IMPLEMENTATIONS = YES;
				CLANG_WARN_DIRECT_OBJC_ISA_USAGE = YES_ERROR;
				CLANG_WARN_DOCUMENTATION_COMMENTS = YES;
				CLANG_WARN_EMPTY_BODY = YES;
				CLANG_WARN_ENUM_CONVERSION = YES;
				CLANG_WARN_INFINITE_RECURSION = YES;
				CLANG_WARN_INT_CONVERSION = YES;
				CLANG_WARN_NON_LITERAL_NULL_CONVERSION = YES;
				CLANG_WARN_OBJC_IMPLICIT_RETAIN_SELF = YES;
				CLANG_WARN_OBJC_LITERAL_CONVERSION = YES;
				CLANG_WARN_OBJC_ROOT_CLASS = YES_ERROR;
				CLANG_WARN_QUOTED_INCLUDE_IN_FRAMEWORK_HEADER = YES;
				CLANG_WARN_RANGE_LOOP_ANALYSIS = YES;
				CLANG_WARN_STRICT_PROTOTYPES = YES;
				CLANG_WARN_SUSPICIOUS_MOVE = YES;
				CLANG_WARN_UNGUARDED_AVAILABILITY = YES_AGGRESSIVE;
				CLANG_WARN_UNREACHABLE_CODE = YES;
				CLANG_WARN__DUPLICATE_METHOD_MATCH = YES;
				COPY_PHASE_STRIP = NO;
				DEBUG_INFORMATION_FORMAT = "dwarf-with-dsym";
				ENABLE_NS_ASSERTIONS = NO;
				ENABLE_STRICT_OBJC_MSGSEND = YES;
				ENABLE_USER_SCRIPT_SANDBOXING = YES;
				GCC_C_LANGUAGE_STANDARD = gnu17;
				GCC_NO_COMMON_BLOCKS = YES;
				GCC_WARN_64_TO_32_BIT_CONVERSION = YES;
				GCC_WARN_ABOUT_RETURN_TYPE = YES_ERROR;
				GCC_WARN_UNDECLARED_SELECTOR = YES;
				GCC_WARN_UNINITIALIZED_AUTOS = YES_AGGRESSIVE;
				GCC_WARN_UNUSED_FUNCTION = YES;
				GCC_WARN_UNUSED_VARIABLE = YES;
				IPHONEOS_DEPLOYMENT_TARGET = 18.1;
				LOCALIZATION_PREFERS_STRING_CATALOGS = YES;
				MTL_ENABLE_DEBUG_INFO = NO;
				MTL_FAST_MATH = YES;
				SDKROOT = iphoneos;
				SWIFT_COMPILATION_MODE = wholemodule;
				VALIDATE_PRODUCT = YES;
			};
			name = Release;
		};
		17BCDC3B2CE3D74C00335BCD /* Debug */ = {
			isa = XCBuildConfiguration;
			buildSettings = {
				ASSETCATALOG_COMPILER_APPICON_NAME = AppIcon;
				ASSETCATALOG_COMPILER_GLOBAL_ACCENT_COLOR_NAME = AccentColor;
				CODE_SIGN_STYLE = Automatic;
				CURRENT_PROJECT_VERSION = 1;
				DEVELOPMENT_ASSET_PATHS = "";
				DEVELOPMENT_TEAM = 9247434UV5;
				ENABLE_PREVIEWS = YES;
				GENERATE_INFOPLIST_FILE = YES;
				INFOPLIST_KEY_LSApplicationCategoryType = "public.app-category.finance";
				INFOPLIST_KEY_UIApplicationSceneManifest_Generation = YES;
				INFOPLIST_KEY_UIApplicationSupportsIndirectInputEvents = YES;
				INFOPLIST_KEY_UILaunchScreen_Generation = YES;
				INFOPLIST_KEY_UISupportedInterfaceOrientations_iPad = "UIInterfaceOrientationPortrait UIInterfaceOrientationPortraitUpsideDown UIInterfaceOrientationLandscapeLeft UIInterfaceOrientationLandscapeRight";
				INFOPLIST_KEY_UISupportedInterfaceOrientations_iPhone = "UIInterfaceOrientationPortrait UIInterfaceOrientationLandscapeLeft UIInterfaceOrientationLandscapeRight";
				IPHONEOS_DEPLOYMENT_TARGET = 17.6;
				LD_RUNPATH_SEARCH_PATHS = (
					"$(inherited)",
					"@executable_path/Frameworks",
				);
				MARKETING_VERSION = 1.0;
				PRODUCT_BUNDLE_IDENTIFIER = com.brando.keia;
				PRODUCT_NAME = "$(TARGET_NAME)";
				SWIFT_EMIT_LOC_STRINGS = YES;
				SWIFT_VERSION = 5.0;
				TARGETED_DEVICE_FAMILY = "1,2";
			};
			name = Debug;
		};
		17BCDC3C2CE3D74C00335BCD /* Release */ = {
			isa = XCBuildConfiguration;
			buildSettings = {
				ASSETCATALOG_COMPILER_APPICON_NAME = AppIcon;
				ASSETCATALOG_COMPILER_GLOBAL_ACCENT_COLOR_NAME = AccentColor;
				CODE_SIGN_STYLE = Automatic;
				CURRENT_PROJECT_VERSION = 1;
				DEVELOPMENT_ASSET_PATHS = "";
				DEVELOPMENT_TEAM = 9247434UV5;
				ENABLE_PREVIEWS = YES;
				GENERATE_INFOPLIST_FILE = YES;
				INFOPLIST_KEY_LSApplicationCategoryType = "public.app-category.finance";
				INFOPLIST_KEY_UIApplicationSceneManifest_Generation = YES;
				INFOPLIST_KEY_UIApplicationSupportsIndirectInputEvents = YES;
				INFOPLIST_KEY_UILaunchScreen_Generation = YES;
				INFOPLIST_KEY_UISupportedInterfaceOrientations_iPad = "UIInterfaceOrientationPortrait UIInterfaceOrientationPortraitUpsideDown UIInterfaceOrientationLandscapeLeft UIInterfaceOrientationLandscapeRight";
				INFOPLIST_KEY_UISupportedInterfaceOrientations_iPhone = "UIInterfaceOrientationPortrait UIInterfaceOrientationLandscapeLeft UIInterfaceOrientationLandscapeRight";
				IPHONEOS_DEPLOYMENT_TARGET = 17.6;
				LD_RUNPATH_SEARCH_PATHS = (
					"$(inherited)",
					"@executable_path/Frameworks",
				);
				MARKETING_VERSION = 1.0;
				PRODUCT_BUNDLE_IDENTIFIER = com.brando.keia;
				PRODUCT_NAME = "$(TARGET_NAME)";
				SWIFT_EMIT_LOC_STRINGS = YES;
				SWIFT_VERSION = 5.0;
				TARGETED_DEVICE_FAMILY = "1,2";
			};
			name = Release;
		};
		17BCDC3E2CE3D74C00335BCD /* Debug */ = {
			isa = XCBuildConfiguration;
			buildSettings = {
				BUNDLE_LOADER = "$(TEST_HOST)";
				CODE_SIGN_STYLE = Automatic;
				CURRENT_PROJECT_VERSION = 1;
				GENERATE_INFOPLIST_FILE = YES;
				IPHONEOS_DEPLOYMENT_TARGET = 18.1;
				MARKETING_VERSION = 1.0;
				PRODUCT_BUNDLE_IDENTIFIER = com.brando.keiaTests;
				PRODUCT_NAME = "$(TARGET_NAME)";
				SWIFT_EMIT_LOC_STRINGS = NO;
				SWIFT_VERSION = 5.0;
				TARGETED_DEVICE_FAMILY = "1,2";
				TEST_HOST = "$(BUILT_PRODUCTS_DIR)/keia.app/$(BUNDLE_EXECUTABLE_FOLDER_PATH)/keia";
			};
			name = Debug;
		};
		17BCDC3F2CE3D74C00335BCD /* Release */ = {
			isa = XCBuildConfiguration;
			buildSettings = {
				BUNDLE_LOADER = "$(TEST_HOST)";
				CODE_SIGN_STYLE = Automatic;
				CURRENT_PROJECT_VERSION = 1;
				GENERATE_INFOPLIST_FILE = YES;
				IPHONEOS_DEPLOYMENT_TARGET = 18.1;
				MARKETING_VERSION = 1.0;
				PRODUCT_BUNDLE_IDENTIFIER = com.brando.keiaTests;
				PRODUCT_NAME = "$(TARGET_NAME)";
				SWIFT_EMIT_LOC_STRINGS = NO;
				SWIFT_VERSION = 5.0;
				TARGETED_DEVICE_FAMILY = "1,2";
				TEST_HOST = "$(BUILT_PRODUCTS_DIR)/keia.app/$(BUNDLE_EXECUTABLE_FOLDER_PATH)/keia";
			};
			name = Release;
		};
		17BCDC412CE3D74C00335BCD /* Debug */ = {
			isa = XCBuildConfiguration;
			buildSettings = {
				CODE_SIGN_STYLE = Automatic;
				CURRENT_PROJECT_VERSION = 1;
				GENERATE_INFOPLIST_FILE = YES;
				MARKETING_VERSION = 1.0;
				PRODUCT_BUNDLE_IDENTIFIER = com.brando.keiaUITests;
				PRODUCT_NAME = "$(TARGET_NAME)";
				SWIFT_EMIT_LOC_STRINGS = NO;
				SWIFT_VERSION = 5.0;
				TARGETED_DEVICE_FAMILY = "1,2";
				TEST_TARGET_NAME = "afp-app";
			};
			name = Debug;
		};
		17BCDC422CE3D74C00335BCD /* Release */ = {
			isa = XCBuildConfiguration;
			buildSettings = {
				CODE_SIGN_STYLE = Automatic;
				CURRENT_PROJECT_VERSION = 1;
				GENERATE_INFOPLIST_FILE = YES;
				MARKETING_VERSION = 1.0;
				PRODUCT_BUNDLE_IDENTIFIER = com.brando.keiaUITests;
				PRODUCT_NAME = "$(TARGET_NAME)";
				SWIFT_EMIT_LOC_STRINGS = NO;
				SWIFT_VERSION = 5.0;
				TARGETED_DEVICE_FAMILY = "1,2";
				TEST_TARGET_NAME = "afp-app";
			};
			name = Release;
		};
/* End XCBuildConfiguration section */

/* Begin XCConfigurationList section */
		17BCDC112CE3D74B00335BCD /* Build configuration list for PBXProject "keia" */ = {
			isa = XCConfigurationList;
			buildConfigurations = (
				17BCDC382CE3D74C00335BCD /* Debug */,
				17BCDC392CE3D74C00335BCD /* Release */,
			);
			defaultConfigurationIsVisible = 0;
			defaultConfigurationName = Release;
		};
		17BCDC3A2CE3D74C00335BCD /* Build configuration list for PBXNativeTarget "keia" */ = {
			isa = XCConfigurationList;
			buildConfigurations = (
				17BCDC3B2CE3D74C00335BCD /* Debug */,
				17BCDC3C2CE3D74C00335BCD /* Release */,
			);
			defaultConfigurationIsVisible = 0;
			defaultConfigurationName = Release;
		};
		17BCDC3D2CE3D74C00335BCD /* Build configuration list for PBXNativeTarget "keiaTests" */ = {
			isa = XCConfigurationList;
			buildConfigurations = (
				17BCDC3E2CE3D74C00335BCD /* Debug */,
				17BCDC3F2CE3D74C00335BCD /* Release */,
			);
			defaultConfigurationIsVisible = 0;
			defaultConfigurationName = Release;
		};
		17BCDC402CE3D74C00335BCD /* Build configuration list for PBXNativeTarget "keiaUITests" */ = {
			isa = XCConfigurationList;
			buildConfigurations = (
				17BCDC412CE3D74C00335BCD /* Debug */,
				17BCDC422CE3D74C00335BCD /* Release */,
			);
			defaultConfigurationIsVisible = 0;
			defaultConfigurationName = Release;
		};
/* End XCConfigurationList section */

/* Begin XCRemoteSwiftPackageReference section */
		1743652B2CF45CFA00CE90A3 /* XCRemoteSwiftPackageReference "Yams" */ = {
			isa = XCRemoteSwiftPackageReference;
			repositoryURL = "https://github.com/jpsim/Yams";
			requirement = {
				kind = upToNextMajorVersion;
				minimumVersion = 5.1.3;
			};
		};
		179DDB462CF8C33300C33754 /* XCRemoteSwiftPackageReference "swift-markdown-ui" */ = {
			isa = XCRemoteSwiftPackageReference;
			repositoryURL = "https://github.com/gonzalezreal/swift-markdown-ui";
			requirement = {
				kind = upToNextMajorVersion;
				minimumVersion = 2.4.1;
			};
		};
/* End XCRemoteSwiftPackageReference section */

/* Begin XCSwiftPackageProductDependency section */
		1743652C2CF45CFA00CE90A3 /* Yams */ = {
			isa = XCSwiftPackageProductDependency;
			package = 1743652B2CF45CFA00CE90A3 /* XCRemoteSwiftPackageReference "Yams" */;
			productName = Yams;
		};
		179DDB472CF8C33300C33754 /* MarkdownUI */ = {
			isa = XCSwiftPackageProductDependency;
			package = 179DDB462CF8C33300C33754 /* XCRemoteSwiftPackageReference "swift-markdown-ui" */;
			productName = MarkdownUI;
		};
/* End XCSwiftPackageProductDependency section */
	};
	rootObject = 17BCDC0E2CE3D74B00335BCD /* Project object */;
}
